// !$*UTF8*$!
{
	archiveVersion = 1;
	classes = {
	};
	objectVersion = 50;
	objects = {

/* Begin PBXBuildFile section */
		F47D255A25DE19F500DD92A3 /* EmptyListView.swift in Sources */ = {isa = PBXBuildFile; fileRef = F47D255925DE19F500DD92A3 /* EmptyListView.swift */; };
		F491A27925DA1E5B0051654B /* AppDelegate.swift in Sources */ = {isa = PBXBuildFile; fileRef = F491A27825DA1E5B0051654B /* AppDelegate.swift */; };
		F491A27B25DA1E5B0051654B /* SceneDelegate.swift in Sources */ = {isa = PBXBuildFile; fileRef = F491A27A25DA1E5B0051654B /* SceneDelegate.swift */; };
		F491A27D25DA1E5B0051654B /* ContentView.swift in Sources */ = {isa = PBXBuildFile; fileRef = F491A27C25DA1E5B0051654B /* ContentView.swift */; };
		F491A28025DA1E5B0051654B /* Todo_App.xcdatamodeld in Sources */ = {isa = PBXBuildFile; fileRef = F491A27E25DA1E5B0051654B /* Todo_App.xcdatamodeld */; };
		F491A28225DA1E5F0051654B /* Assets.xcassets in Resources */ = {isa = PBXBuildFile; fileRef = F491A28125DA1E5F0051654B /* Assets.xcassets */; };
		F491A28525DA1E5F0051654B /* Preview Assets.xcassets in Resources */ = {isa = PBXBuildFile; fileRef = F491A28425DA1E5F0051654B /* Preview Assets.xcassets */; };
		F491A28825DA1E5F0051654B /* LaunchScreen.storyboard in Resources */ = {isa = PBXBuildFile; fileRef = F491A28625DA1E5F0051654B /* LaunchScreen.storyboard */; };
		F491A29425DA1F440051654B /* AddTodoView.swift in Sources */ = {isa = PBXBuildFile; fileRef = F491A29325DA1F440051654B /* AddTodoView.swift */; };
/* End PBXBuildFile section */

/* Begin PBXFileReference section */
		F47D255925DE19F500DD92A3 /* EmptyListView.swift */ = {isa = PBXFileReference; lastKnownFileType = sourcecode.swift; path = EmptyListView.swift; sourceTree = "<group>"; };
		F491A27525DA1E5B0051654B /* Todo App.app */ = {isa = PBXFileReference; explicitFileType = wrapper.application; includeInIndex = 0; path = "Todo App.app"; sourceTree = BUILT_PRODUCTS_DIR; };
		F491A27825DA1E5B0051654B /* AppDelegate.swift */ = {isa = PBXFileReference; lastKnownFileType = sourcecode.swift; path = AppDelegate.swift; sourceTree = "<group>"; };
		F491A27A25DA1E5B0051654B /* SceneDelegate.swift */ = {isa = PBXFileReference; lastKnownFileType = sourcecode.swift; path = SceneDelegate.swift; sourceTree = "<group>"; };
		F491A27C25DA1E5B0051654B /* ContentView.swift */ = {isa = PBXFileReference; lastKnownFileType = sourcecode.swift; path = ContentView.swift; sourceTree = "<group>"; };
		F491A27F25DA1E5B0051654B /* Todo_App.xcdatamodel */ = {isa = PBXFileReference; lastKnownFileType = wrapper.xcdatamodel; path = Todo_App.xcdatamodel; sourceTree = "<group>"; };
		F491A28125DA1E5F0051654B /* Assets.xcassets */ = {isa = PBXFileReference; lastKnownFileType = folder.assetcatalog; path = Assets.xcassets; sourceTree = "<group>"; };
		F491A28425DA1E5F0051654B /* Preview Assets.xcassets */ = {isa = PBXFileReference; lastKnownFileType = folder.assetcatalog; path = "Preview Assets.xcassets"; sourceTree = "<group>"; };
		F491A28725DA1E5F0051654B /* Base */ = {isa = PBXFileReference; lastKnownFileType = file.storyboard; name = Base; path = Base.lproj/LaunchScreen.storyboard; sourceTree = "<group>"; };
		F491A28925DA1E5F0051654B /* Info.plist */ = {isa = PBXFileReference; lastKnownFileType = text.plist.xml; path = Info.plist; sourceTree = "<group>"; };
		F491A29325DA1F440051654B /* AddTodoView.swift */ = {isa = PBXFileReference; lastKnownFileType = sourcecode.swift; path = AddTodoView.swift; sourceTree = "<group>"; };
/* End PBXFileReference section */

/* Begin PBXFrameworksBuildPhase section */
		F491A27225DA1E5B0051654B /* Frameworks */ = {
			isa = PBXFrameworksBuildPhase;
			buildActionMask = 2147483647;
			files = (
			);
			runOnlyForDeploymentPostprocessing = 0;
		};
/* End PBXFrameworksBuildPhase section */

/* Begin PBXGroup section */
		F491A26C25DA1E5B0051654B = {
			isa = PBXGroup;
			children = (
				F491A27725DA1E5B0051654B /* Todo App */,
				F491A27625DA1E5B0051654B /* Products */,
			);
			sourceTree = "<group>";
		};
		F491A27625DA1E5B0051654B /* Products */ = {
			isa = PBXGroup;
			children = (
				F491A27525DA1E5B0051654B /* Todo App.app */,
			);
			name = Products;
			sourceTree = "<group>";
		};
		F491A27725DA1E5B0051654B /* Todo App */ = {
			isa = PBXGroup;
			children = (
				F491A29025DA1E6F0051654B /* View */,
				F491A27825DA1E5B0051654B /* AppDelegate.swift */,
				F491A27A25DA1E5B0051654B /* SceneDelegate.swift */,
				F491A28125DA1E5F0051654B /* Assets.xcassets */,
				F491A28625DA1E5F0051654B /* LaunchScreen.storyboard */,
				F491A28925DA1E5F0051654B /* Info.plist */,
				F491A27E25DA1E5B0051654B /* Todo_App.xcdatamodeld */,
				F491A28325DA1E5F0051654B /* Preview Content */,
			);
			path = "Todo App";
			sourceTree = "<group>";
		};
		F491A28325DA1E5F0051654B /* Preview Content */ = {
			isa = PBXGroup;
			children = (
				F491A28425DA1E5F0051654B /* Preview Assets.xcassets */,
			);
			path = "Preview Content";
			sourceTree = "<group>";
		};
		F491A29025DA1E6F0051654B /* View */ = {
			isa = PBXGroup;
			children = (
				F491A27C25DA1E5B0051654B /* ContentView.swift */,
				F491A29325DA1F440051654B /* AddTodoView.swift */,
				F47D255925DE19F500DD92A3 /* EmptyListView.swift */,
			);
			path = View;
			sourceTree = "<group>";
		};
/* End PBXGroup section */

/* Begin PBXNativeTarget section */
		F491A27425DA1E5B0051654B /* Todo App */ = {
			isa = PBXNativeTarget;
			buildConfigurationList = F491A28C25DA1E5F0051654B /* Build configuration list for PBXNativeTarget "Todo App" */;
			buildPhases = (
				F491A27125DA1E5B0051654B /* Sources */,
				F491A27225DA1E5B0051654B /* Frameworks */,
				F491A27325DA1E5B0051654B /* Resources */,
			);
			buildRules = (
			);
			dependencies = (
			);
			name = "Todo App";
			productName = "Todo App";
			productReference = F491A27525DA1E5B0051654B /* Todo App.app */;
			productType = "com.apple.product-type.application";
		};
/* End PBXNativeTarget section */

/* Begin PBXProject section */
		F491A26D25DA1E5B0051654B /* Project object */ = {
			isa = PBXProject;
			attributes = {
				LastSwiftUpdateCheck = 1240;
				LastUpgradeCheck = 1240;
				TargetAttributes = {
					F491A27425DA1E5B0051654B = {
						CreatedOnToolsVersion = 12.4;
					};
				};
			};
			buildConfigurationList = F491A27025DA1E5B0051654B /* Build configuration list for PBXProject "Todo App" */;
			compatibilityVersion = "Xcode 9.3";
			developmentRegion = en;
			hasScannedForEncodings = 0;
			knownRegions = (
				en,
				Base,
			);
			mainGroup = F491A26C25DA1E5B0051654B;
			productRefGroup = F491A27625DA1E5B0051654B /* Products */;
			projectDirPath = "";
			projectRoot = "";
			targets = (
				F491A27425DA1E5B0051654B /* Todo App */,
			);
		};
/* End PBXProject section */

/* Begin PBXResourcesBuildPhase section */
		F491A27325DA1E5B0051654B /* Resources */ = {
			isa = PBXResourcesBuildPhase;
			buildActionMask = 2147483647;
			files = (
				F491A28825DA1E5F0051654B /* LaunchScreen.storyboard in Resources */,
				F491A28525DA1E5F0051654B /* Preview Assets.xcassets in Resources */,
				F491A28225DA1E5F0051654B /* Assets.xcassets in Resources */,
			);
			runOnlyForDeploymentPostprocessing = 0;
		};
/* End PBXResourcesBuildPhase section */

/* Begin PBXSourcesBuildPhase section */
		F491A27125DA1E5B0051654B /* Sources */ = {
			isa = PBXSourcesBuildPhase;
			buildActionMask = 2147483647;
			files = (
				F491A27925DA1E5B0051654B /* AppDelegate.swift in Sources */,
				F491A27B25DA1E5B0051654B /* SceneDelegate.swift in Sources */,
				F47D255A25DE19F500DD92A3 /* EmptyListView.swift in Sources */,
				F491A27D25DA1E5B0051654B /* ContentView.swift in Sources */,
				F491A28025DA1E5B0051654B /* Todo_App.xcdatamodeld in Sources */,
				F491A29425DA1F440051654B /* AddTodoView.swift in Sources */,
			);
			runOnlyForDeploymentPostprocessing = 0;
		};
/* End PBXSourcesBuildPhase section */

/* Begin PBXVariantGroup section */
		F491A28625DA1E5F0051654B /* LaunchScreen.storyboard */ = {
			isa = PBXVariantGroup;
			children = (
				F491A28725DA1E5F0051654B /* Base */,
			);
			name = LaunchScreen.storyboard;
			sourceTree = "<group>";
		};
/* End PBXVariantGroup section */

/* Begin XCBuildConfiguration section */
		F491A28A25DA1E5F0051654B /* Debug */ = {
			isa = XCBuildConfiguration;
			buildSettings = {
				ALWAYS_SEARCH_USER_PATHS = NO;
				CLANG_ANALYZER_NONNULL = YES;
				CLANG_ANALYZER_NUMBER_OBJECT_CONVERSION = YES_AGGRESSIVE;
				CLANG_CXX_LANGUAGE_STANDARD = "gnu++14";
				CLANG_CXX_LIBRARY = "libc++";
				CLANG_ENABLE_MODULES = YES;
				CLANG_ENABLE_OBJC_ARC = YES;
				CLANG_ENABLE_OBJC_WEAK = YES;
				CLANG_WARN_BLOCK_CAPTURE_AUTORELEASING = YES;
				CLANG_WARN_BOOL_CONVERSION = YES;
				CLANG_WARN_COMMA = YES;
				CLANG_WARN_CONSTANT_CONVERSION = YES;
				CLANG_WARN_DEPRECATED_OBJC_IMPLEMENTATIONS = YES;
				CLANG_WARN_DIRECT_OBJC_ISA_USAGE = YES_ERROR;
				CLANG_WARN_DOCUMENTATION_COMMENTS = YES;
				CLANG_WARN_EMPTY_BODY = YES;
				CLANG_WARN_ENUM_CONVERSION = YES;
				CLANG_WARN_INFINITE_RECURSION = YES;
				CLANG_WARN_INT_CONVERSION = YES;
				CLANG_WARN_NON_LITERAL_NULL_CONVERSION = YES;
				CLANG_WARN_OBJC_IMPLICIT_RETAIN_SELF = YES;
				CLANG_WARN_OBJC_LITERAL_CONVERSION = YES;
				CLANG_WARN_OBJC_ROOT_CLASS = YES_ERROR;
				CLANG_WARN_QUOTED_INCLUDE_IN_FRAMEWORK_HEADER = YES;
				CLANG_WARN_RANGE_LOOP_ANALYSIS = YES;
				CLANG_WARN_STRICT_PROTOTYPES = YES;
				CLANG_WARN_SUSPICIOUS_MOVE = YES;
				CLANG_WARN_UNGUARDED_AVAILABILITY = YES_AGGRESSIVE;
				CLANG_WARN_UNREACHABLE_CODE = YES;
				CLANG_WARN__DUPLICATE_METHOD_MATCH = YES;
				COPY_PHASE_STRIP = NO;
				DEBUG_INFORMATION_FORMAT = dwarf;
				ENABLE_STRICT_OBJC_MSGSEND = YES;
				ENABLE_TESTABILITY = YES;
				GCC_C_LANGUAGE_STANDARD = gnu11;
				GCC_DYNAMIC_NO_PIC = NO;
				GCC_NO_COMMON_BLOCKS = YES;
				GCC_OPTIMIZATION_LEVEL = 0;
				GCC_PREPROCESSOR_DEFINITIONS = (
					"DEBUG=1",
					"$(inherited)",
				);
				GCC_WARN_64_TO_32_BIT_CONVERSION = YES;
				GCC_WARN_ABOUT_RETURN_TYPE = YES_ERROR;
				GCC_WARN_UNDECLARED_SELECTOR = YES;
				GCC_WARN_UNINITIALIZED_AUTOS = YES_AGGRESSIVE;
				GCC_WARN_UNUSED_FUNCTION = YES;
				GCC_WARN_UNUSED_VARIABLE = YES;
				IPHONEOS_DEPLOYMENT_TARGET = 14.4;
				MTL_ENABLE_DEBUG_INFO = INCLUDE_SOURCE;
				MTL_FAST_MATH = YES;
				ONLY_ACTIVE_ARCH = YES;
				SDKROOT = iphoneos;
				SWIFT_ACTIVE_COMPILATION_CONDITIONS = DEBUG;
				SWIFT_OPTIMIZATION_LEVEL = "-Onone";
			};
			name = Debug;
		};
		F491A28B25DA1E5F0051654B /* Release */ = {
			isa = XCBuildConfiguration;
			buildSettings = {
				ALWAYS_SEARCH_USER_PATHS = NO;
				CLANG_ANALYZER_NONNULL = YES;
				CLANG_ANALYZER_NUMBER_OBJECT_CONVERSION = YES_AGGRESSIVE;
				CLANG_CXX_LANGUAGE_STANDARD = "gnu++14";
				CLANG_CXX_LIBRARY = "libc++";
				CLANG_ENABLE_MODULES = YES;
				CLANG_ENABLE_OBJC_ARC = YES;
				CLANG_ENABLE_OBJC_WEAK = YES;
				CLANG_WARN_BLOCK_CAPTURE_AUTORELEASING = YES;
				CLANG_WARN_BOOL_CONVERSION = YES;
				CLANG_WARN_COMMA = YES;
				CLANG_WARN_CONSTANT_CONVERSION = YES;
				CLANG_WARN_DEPRECATED_OBJC_IMPLEMENTATIONS = YES;
				CLANG_WARN_DIRECT_OBJC_ISA_USAGE = YES_ERROR;
				CLANG_WARN_DOCUMENTATION_COMMENTS = YES;
				CLANG_WARN_EMPTY_BODY = YES;
				CLANG_WARN_ENUM_CONVERSION = YES;
				CLANG_WARN_INFINITE_RECURSION = YES;
				CLANG_WARN_INT_CONVERSION = YES;
				CLANG_WARN_NON_LITERAL_NULL_CONVERSION = YES;
				CLANG_WARN_OBJC_IMPLICIT_RETAIN_SELF = YES;
				CLANG_WARN_OBJC_LITERAL_CONVERSION = YES;
				CLANG_WARN_OBJC_ROOT_CLASS = YES_ERROR;
				CLANG_WARN_QUOTED_INCLUDE_IN_FRAMEWORK_HEADER = YES;
				CLANG_WARN_RANGE_LOOP_ANALYSIS = YES;
				CLANG_WARN_STRICT_PROTOTYPES = YES;
				CLANG_WARN_SUSPICIOUS_MOVE = YES;
				CLANG_WARN_UNGUARDED_AVAILABILITY = YES_AGGRESSIVE;
				CLANG_WARN_UNREACHABLE_CODE = YES;
				CLANG_WARN__DUPLICATE_METHOD_MATCH = YES;
				COPY_PHASE_STRIP = NO;
				DEBUG_INFORMATION_FORMAT = "dwarf-with-dsym";
				ENABLE_NS_ASSERTIONS = NO;
				ENABLE_STRICT_OBJC_MSGSEND = YES;
				GCC_C_LANGUAGE_STANDARD = gnu11;
				GCC_NO_COMMON_BLOCKS = YES;
				GCC_WARN_64_TO_32_BIT_CONVERSION = YES;
				GCC_WARN_ABOUT_RETURN_TYPE = YES_ERROR;
				GCC_WARN_UNDECLARED_SELECTOR = YES;
				GCC_WARN_UNINITIALIZED_AUTOS = YES_AGGRESSIVE;
				GCC_WARN_UNUSED_FUNCTION = YES;
				GCC_WARN_UNUSED_VARIABLE = YES;
				IPHONEOS_DEPLOYMENT_TARGET = 14.4;
				MTL_ENABLE_DEBUG_INFO = NO;
				MTL_FAST_MATH = YES;
				SDKROOT = iphoneos;
				SWIFT_COMPILATION_MODE = wholemodule;
				SWIFT_OPTIMIZATION_LEVEL = "-O";
				VALIDATE_PRODUCT = YES;
			};
			name = Release;
		};
		F491A28D25DA1E5F0051654B /* Debug */ = {
			isa = XCBuildConfiguration;
			buildSettings = {
				ASSETCATALOG_COMPILER_APPICON_NAME = AppIcon;
				ASSETCATALOG_COMPILER_GLOBAL_ACCENT_COLOR_NAME = AccentColor;
				CODE_SIGN_STYLE = Automatic;
				DEVELOPMENT_ASSET_PATHS = "\"Todo App/Preview Content\"";
				ENABLE_PREVIEWS = YES;
				INFOPLIST_FILE = "Todo App/Info.plist";
				LD_RUNPATH_SEARCH_PATHS = (
					"$(inherited)",
					"@executable_path/Frameworks",
				);
				PRODUCT_BUNDLE_IDENTIFIER = "com.fardev.Todo-App";
				PRODUCT_NAME = "$(TARGET_NAME)";
				SWIFT_VERSION = 5.0;
				TARGETED_DEVICE_FAMILY = "1,2";
			};
			name = Debug;
		};
		F491A28E25DA1E5F0051654B /* Release */ = {
			isa = XCBuildConfiguration;
			buildSettings = {
				ASSETCATALOG_COMPILER_APPICON_NAME = AppIcon;
				ASSETCATALOG_COMPILER_GLOBAL_ACCENT_COLOR_NAME = AccentColor;
				CODE_SIGN_STYLE = Automatic;
				DEVELOPMENT_ASSET_PATHS = "\"Todo App/Preview Content\"";
				ENABLE_PREVIEWS = YES;
				INFOPLIST_FILE = "Todo App/Info.plist";
				LD_RUNPATH_SEARCH_PATHS = (
					"$(inherited)",
					"@executable_path/Frameworks",
				);
				PRODUCT_BUNDLE_IDENTIFIER = "com.fardev.Todo-App";
				PRODUCT_NAME = "$(TARGET_NAME)";
				SWIFT_VERSION = 5.0;
				TARGETED_DEVICE_FAMILY = "1,2";
			};
			name = Release;
		};
/* End XCBuildConfiguration section */

/* Begin XCConfigurationList section */
		F491A27025DA1E5B0051654B /* Build configuration list for PBXProject "Todo App" */ = {
			isa = XCConfigurationList;
			buildConfigurations = (
				F491A28A25DA1E5F0051654B /* Debug */,
				F491A28B25DA1E5F0051654B /* Release */,
			);
			defaultConfigurationIsVisible = 0;
			defaultConfigurationName = Release;
		};
		F491A28C25DA1E5F0051654B /* Build configuration list for PBXNativeTarget "Todo App" */ = {
			isa = XCConfigurationList;
			buildConfigurations = (
				F491A28D25DA1E5F0051654B /* Debug */,
				F491A28E25DA1E5F0051654B /* Release */,
			);
			defaultConfigurationIsVisible = 0;
			defaultConfigurationName = Release;
		};
/* End XCConfigurationList section */

/* Begin XCVersionGroup section */
		F491A27E25DA1E5B0051654B /* Todo_App.xcdatamodeld */ = {
			isa = XCVersionGroup;
			children = (
				F491A27F25DA1E5B0051654B /* Todo_App.xcdatamodel */,
			);
			currentVersion = F491A27F25DA1E5B0051654B /* Todo_App.xcdatamodel */;
			path = Todo_App.xcdatamodeld;
			sourceTree = "<group>";
			versionGroupType = wrapper.xcdatamodel;
		};
/* End XCVersionGroup section */
	};
	rootObject = F491A26D25DA1E5B0051654B /* Project object */;
}
